
Microsoft Visual Studio Solution File, Format Version 12.00
# Visual Studio Version 17
VisualStudioVersion = 17.7.34221.43
MinimumVisualStudioVersion = 10.0.40219.1
Project("{9A19103F-16F7-4668-BE54-9A1E7A4F7556}") = "MyWebApp", "MyWebApp.csproj", "{C7EE6EC8-3773-44CB-822B-C0E94E726937}"
EndProject
Global
	GlobalSection(SolutionConfigurationPlatforms) = preSolution
		Debug|Any CPU = Debug|Any CPU
		Release|Any CPU = Release|Any CPU
	EndGlobalSection
	GlobalSection(ProjectConfigurationPlatforms) = postSolution
		{C7EE6EC8-3773-44CB-822B-C0E94E726937}.Debug|Any CPU.ActiveCfg = Debug|Any CPU
		{C7EE6EC8-3773-44CB-822B-C0E94E726937}.Debug|Any CPU.Build.0 = Debug|Any CPU
		{C7EE6EC8-3773-44CB-822B-C0E94E726937}.Release|Any CPU.ActiveCfg = Release|Any CPU
		{C7EE6EC8-3773-44CB-822B-C0E94E726937}.Release|Any CPU.Build.0 = Release|Any CPU
	EndGlobalSection
	GlobalSection(SolutionProperties) = preSolution
		HideSolutionNode = FALSE
	EndGlobalSection
	GlobalSection(ExtensibilityGlobals) = postSolution
		SolutionGuid = {FD7EBFA2-08B6-439D-8235-C7251B9F7CE4}
	EndGlobalSection
EndGlobal
